
Microsoft Visual Studio Solution File, Format Version 12.00
# Visual Studio Version 16
VisualStudioVersion = 16.0.29926.136
MinimumVisualStudioVersion = 10.0.40219.1
Project("{9A19103F-16F7-4668-BE54-9A1E7A4F7556}") = "CouponWithOCP", "CouponWithOCP.csproj", "{B567AD47-7B01-4E90-BC8D-916DC5B4E026}"
EndProject
Global
	GlobalSection(SolutionConfigurationPlatforms) = preSolution
		Debug|Any CPU = Debug|Any CPU
		Release|Any CPU = Release|Any CPU
	EndGlobalSection
	GlobalSection(ProjectConfigurationPlatforms) = postSolution
		{B567AD47-7B01-4E90-BC8D-916DC5B4E026}.Debug|Any CPU.ActiveCfg = Debug|Any CPU
		{B567AD47-7B01-4E90-BC8D-916DC5B4E026}.Debug|Any CPU.Build.0 = Debug|Any CPU
		{B567AD47-7B01-4E90-BC8D-916DC5B4E026}.Release|Any CPU.ActiveCfg = Release|Any CPU
		{B567AD47-7B01-4E90-BC8D-916DC5B4E026}.Release|Any CPU.Build.0 = Release|Any CPU
	EndGlobalSection
	GlobalSection(SolutionProperties) = preSolution
		HideSolutionNode = FALSE
	EndGlobalSection
	GlobalSection(ExtensibilityGlobals) = postSolution
		SolutionGuid = {DFB2E277-1D06-4D7C-AAC2-4F068E55F281}
	EndGlobalSection
EndGlobal
